
Microsoft Visual Studio Solution File, Format Version 12.00
# Visual Studio Version 16
VisualStudioVersion = 16.0.33027.164
MinimumVisualStudioVersion = 10.0.40219.1
Project("{FAE04EC0-301F-11D3-BF4B-00C04F79EFBC}") = "WebApiCRUD2", "WebApiCRUD2\WebApiCRUD2.csproj", "{690352A8-7FEF-4BAC-9A82-B4DDB346A8CE}"
EndProject
Global
	GlobalSection(SolutionConfigurationPlatforms) = preSolution
		Debug|Any CPU = Debug|Any CPU
		Release|Any CPU = Release|Any CPU
	EndGlobalSection
	GlobalSection(ProjectConfigurationPlatforms) = postSolution
		{690352A8-7FEF-4BAC-9A82-B4DDB346A8CE}.Debug|Any CPU.ActiveCfg = Debug|Any CPU
		{690352A8-7FEF-4BAC-9A82-B4DDB346A8CE}.Debug|Any CPU.Build.0 = Debug|Any CPU
		{690352A8-7FEF-4BAC-9A82-B4DDB346A8CE}.Release|Any CPU.ActiveCfg = Release|Any CPU
		{690352A8-7FEF-4BAC-9A82-B4DDB346A8CE}.Release|Any CPU.Build.0 = Release|Any CPU
	EndGlobalSection
	GlobalSection(SolutionProperties) = preSolution
		HideSolutionNode = FALSE
	EndGlobalSection
	GlobalSection(ExtensibilityGlobals) = postSolution
		SolutionGuid = {035C7DEF-677F-489E-8296-C6D4D9C9857A}
	EndGlobalSection
EndGlobal
